# This file was autogenerated by Stack.
# You should not edit this file by hand.
# For more information, please see the documentation at:
#   https://docs.haskellstack.org/en/stable/lock_files

packages:
- completed:
    hackage: shower-0.2.0.2@sha256:2c2b1cd25e4330f03ba68631b37d4346bf42644bc8e9a7a819ce605acc72bb34,1473
    pantry-tree:
      size: 2034
      sha256: e076f733749bf052117febc8f8b68500cc35a466534ef011da42833cbf38d29e
  original:
    hackage: shower-0.2.0.2@sha256:2c2b1cd25e4330f03ba68631b37d4346bf42644bc8e9a7a819ce605acc72bb34,1473
snapshots:
- completed:
    size: 572782
    url: https://raw.githubusercontent.com/commercialhaskell/stackage-snapshots/master/nightly/2022/5/5.yaml
    sha256: 42b5030fc96fe064d61c662330df4d0369c0ab48648ca2a51705cf26b32550a0
  original: nightly-2022-05-05
