# This file was autogenerated by Stack.
# You should not edit this file by hand.
# For more information, please see the documentation at:
#   https://docs.haskellstack.org/en/stable/lock_files

packages:
- completed:
    hackage: monoidal-containers-0.6.2.0@sha256:124941d70df5e2928b4c6db605a1d0464e68c2c6b02e426db24a40194d43821d,2219
    pantry-tree:
      size: 569
      sha256: 07ceac751866bad09af45df7d0ae97420d659221e8a0d85407705dcda1f6e89b
  original:
    hackage: monoidal-containers-0.6.2.0@sha256:124941d70df5e2928b4c6db605a1d0464e68c2c6b02e426db24a40194d43821d,2219
snapshots:
- completed:
    size: 590102
    url: https://raw.githubusercontent.com/commercialhaskell/stackage-snapshots/master/lts/18/27.yaml
    sha256: 79a786674930a89301b0e908fad2822a48882f3d01486117693c377b8edffdbe
  original: lts-18.27
