# This file was autogenerated by Stack.
# You should not edit this file by hand.
# For more information, please see the documentation at:
#   https://docs.haskellstack.org/en/stable/lock_files

packages: []
snapshots:
- completed:
    sha256: 99b0e46f569e3932b1a20c6aa9bdba52a966f1b500ef8534352d0d43d9b91036
    size: 698983
    url: https://raw.githubusercontent.com/commercialhaskell/stackage-snapshots/master/nightly/2023/11/20.yaml
  original: nightly-2023-11-20
